{
  "name": "xultabangu-scripts",
  "version": "0.0.1",
  "lockfileVersion": 1,
  "requires": true,
  "dependencies": {
    "json2toml": {
      "version": "1.0.6",
      "resolved": "https://registry.npmjs.org/json2toml/-/json2toml-1.0.6.tgz",
      "integrity": "sha1-3DKic9Qh5l4Hgq7lETErlWSMM1Y=",
      "requires": {
        "lodash.foreach": "^4.1.0",
        "lodash.isdate": "^4.0.0",
        "lodash.isempty": "^4.1.2",
        "lodash.isplainobject": "^4.0.2",
        "lodash.keys": "^4.0.3",
        "strftime": "^0.9.0"
      }
    },
    "lodash.foreach": {
      "version": "4.5.0",
      "resolved": "https://registry.npmjs.org/lodash.foreach/-/lodash.foreach-4.5.0.tgz",
      "integrity": "sha1-Gmo16s5AEoDH8G3d7DUWWrJ+PlM="
    },
    "lodash.isdate": {
      "version": "4.0.1",
      "resolved": "https://registry.npmjs.org/lodash.isdate/-/lodash.isdate-4.0.1.tgz",
      "integrity": "sha1-NaVDZzuddhEN5BFLMsxXcEin82Y="
    },
    "lodash.isempty": {
      "version": "4.4.0",
      "resolved": "http://registry.npmjs.org/lodash.isempty/-/lodash.isempty-4.4.0.tgz",
      "integrity": "sha1-b4bL7di+TsmHvpqvM8loTbGzHn4="
    },
    "lodash.isplainobject": {
      "version": "4.0.6",
      "resolved": "https://registry.npmjs.org/lodash.isplainobject/-/lodash.isplainobject-4.0.6.tgz",
      "integrity": "sha1-fFJqUtibRcRcxpC4gWO+BJf1UMs="
    },
    "lodash.keys": {
      "version": "4.2.0",
      "resolved": "https://registry.npmjs.org/lodash.keys/-/lodash.keys-4.2.0.tgz",
      "integrity": "sha1-oIYCrBLk+4P5H8H7ejYKTZujUgU="
    },
    "strftime": {
      "version": "0.9.2",
      "resolved": "https://registry.npmjs.org/strftime/-/strftime-0.9.2.tgz",
      "integrity": "sha1-vMooYfKUVtNyqvaheBHIvG859YM="
    }
  }
}
